
Microsoft Visual Studio Solution File, Format Version 12.00
# Visual Studio 2012
Project("{8BC9CEB8-8B4A-11D0-8D11-00A0C91BC942}") = "random_graph_generator", "random_graph_generator\random_graph_generator.vcxproj", "{C70378E8-F7D7-4E57-8F5C-CBBC32C4B96F}"
EndProject
Global
	GlobalSection(SolutionConfigurationPlatforms) = preSolution
		Debug|Win32 = Debug|Win32
		Release|Win32 = Release|Win32
	EndGlobalSection
	GlobalSection(ProjectConfigurationPlatforms) = postSolution
		{C70378E8-F7D7-4E57-8F5C-CBBC32C4B96F}.Debug|Win32.ActiveCfg = Debug|Win32
		{C70378E8-F7D7-4E57-8F5C-CBBC32C4B96F}.Debug|Win32.Build.0 = Debug|Win32
		{C70378E8-F7D7-4E57-8F5C-CBBC32C4B96F}.Release|Win32.ActiveCfg = Release|Win32
		{C70378E8-F7D7-4E57-8F5C-CBBC32C4B96F}.Release|Win32.Build.0 = Release|Win32
	EndGlobalSection
	GlobalSection(SolutionProperties) = preSolution
		HideSolutionNode = FALSE
	EndGlobalSection
EndGlobal
